
Microsoft Visual Studio Solution File, Format Version 12.00
# Visual Studio Version 17
VisualStudioVersion = 17.4.33403.182
MinimumVisualStudioVersion = 10.0.40219.1
Project("{9A19103F-16F7-4668-BE54-9A1E7A4F7556}") = "Octo", "Octo\Octo.csproj", "{E922367E-4B20-4485-ABCC-363E542C6CAC}"
EndProject
Project("{9A19103F-16F7-4668-BE54-9A1E7A4F7556}") = "OctoTests", "OctoTests\OctoTests.csproj", "{54784742-61A9-4683-B69F-24188B2E23B4}"
EndProject
Project("{2150E333-8FDC-42A3-9474-1A3956D46DE8}") = "Solution Items", "Solution Items", "{AC460363-9A08-4352-B13E-01849FC1E1DC}"
	ProjectSection(SolutionItems) = preProject
		.editorconfig = .editorconfig
	EndProjectSection
EndProject
Project("{9A19103F-16F7-4668-BE54-9A1E7A4F7556}") = "OctoCmd", "OctoCmd\OctoCmd.csproj", "{49F58856-6CB1-46E0-A6F6-43F1F0291103}"
EndProject
Global
	GlobalSection(SolutionConfigurationPlatforms) = preSolution
		Debug|Any CPU = Debug|Any CPU
		Release|Any CPU = Release|Any CPU
	EndGlobalSection
	GlobalSection(ProjectConfigurationPlatforms) = postSolution
		{E922367E-4B20-4485-ABCC-363E542C6CAC}.Debug|Any CPU.ActiveCfg = Debug|Any CPU
		{E922367E-4B20-4485-ABCC-363E542C6CAC}.Debug|Any CPU.Build.0 = Debug|Any CPU
		{E922367E-4B20-4485-ABCC-363E542C6CAC}.Release|Any CPU.ActiveCfg = Release|Any CPU
		{E922367E-4B20-4485-ABCC-363E542C6CAC}.Release|Any CPU.Build.0 = Release|Any CPU
		{54784742-61A9-4683-B69F-24188B2E23B4}.Debug|Any CPU.ActiveCfg = Debug|Any CPU
		{54784742-61A9-4683-B69F-24188B2E23B4}.Debug|Any CPU.Build.0 = Debug|Any CPU
		{54784742-61A9-4683-B69F-24188B2E23B4}.Release|Any CPU.ActiveCfg = Release|Any CPU
		{54784742-61A9-4683-B69F-24188B2E23B4}.Release|Any CPU.Build.0 = Release|Any CPU
		{49F58856-6CB1-46E0-A6F6-43F1F0291103}.Debug|Any CPU.ActiveCfg = Debug|Any CPU
		{49F58856-6CB1-46E0-A6F6-43F1F0291103}.Debug|Any CPU.Build.0 = Debug|Any CPU
		{49F58856-6CB1-46E0-A6F6-43F1F0291103}.Release|Any CPU.ActiveCfg = Release|Any CPU
		{49F58856-6CB1-46E0-A6F6-43F1F0291103}.Release|Any CPU.Build.0 = Release|Any CPU
	EndGlobalSection
	GlobalSection(SolutionProperties) = preSolution
		HideSolutionNode = FALSE
	EndGlobalSection
	GlobalSection(ExtensibilityGlobals) = postSolution
		SolutionGuid = {087532DF-5322-44F2-87F8-89BCCCB857EF}
	EndGlobalSection
EndGlobal
